
Microsoft Visual Studio Solution File, Format Version 12.00
# Visual Studio Version 16
VisualStudioVersion = 16.0.31624.102
MinimumVisualStudioVersion = 10.0.40219.1
Project("{FAE04EC0-301F-11D3-BF4B-00C04F79EFBC}") = "BuildTest", "BuildTest\BuildTest.csproj", "{2D9731AB-6D36-4265-AC16-54CB36064AEF}"
EndProject
Global
	GlobalSection(SolutionConfigurationPlatforms) = preSolution
		Debug|Any CPU = Debug|Any CPU
		Release|Any CPU = Release|Any CPU
	EndGlobalSection
	GlobalSection(ProjectConfigurationPlatforms) = postSolution
		{2D9731AB-6D36-4265-AC16-54CB36064AEF}.Debug|Any CPU.ActiveCfg = Debug|Any CPU
		{2D9731AB-6D36-4265-AC16-54CB36064AEF}.Debug|Any CPU.Build.0 = Debug|Any CPU
		{2D9731AB-6D36-4265-AC16-54CB36064AEF}.Release|Any CPU.ActiveCfg = Release|Any CPU
		{2D9731AB-6D36-4265-AC16-54CB36064AEF}.Release|Any CPU.Build.0 = Release|Any CPU
	EndGlobalSection
	GlobalSection(SolutionProperties) = preSolution
		HideSolutionNode = FALSE
	EndGlobalSection
	GlobalSection(ExtensibilityGlobals) = postSolution
		SolutionGuid = {217BDEDD-9748-4E9C-A8FF-BD12366D79CD}
	EndGlobalSection
EndGlobal
